
Microsoft Visual Studio Solution File, Format Version 12.00
# Visual Studio 15
VisualStudioVersion = 15.0.28010.2048
MinimumVisualStudioVersion = 10.0.40219.1
Project("{FAE04EC0-301F-11D3-BF4B-00C04F79EFBC}") = "PrimeNumberProgram", "PrimeNumberProgram\PrimeNumberProgram.csproj", "{B1BDCCE6-FB1C-4425-B878-F5946809F941}"
EndProject
Project("{FAE04EC0-301F-11D3-BF4B-00C04F79EFBC}") = "PrimeFactorsUnitTest", "PrimeFactorsUnitTest\PrimeFactorsUnitTest.csproj", "{7E96C6E2-9F61-483D-BC22-C45FEE080E6C}"
EndProject
Global
	GlobalSection(SolutionConfigurationPlatforms) = preSolution
		Debug|Any CPU = Debug|Any CPU
		Release|Any CPU = Release|Any CPU
	EndGlobalSection
	GlobalSection(ProjectConfigurationPlatforms) = postSolution
		{B1BDCCE6-FB1C-4425-B878-F5946809F941}.Debug|Any CPU.ActiveCfg = Debug|Any CPU
		{B1BDCCE6-FB1C-4425-B878-F5946809F941}.Debug|Any CPU.Build.0 = Debug|Any CPU
		{B1BDCCE6-FB1C-4425-B878-F5946809F941}.Release|Any CPU.ActiveCfg = Release|Any CPU
		{B1BDCCE6-FB1C-4425-B878-F5946809F941}.Release|Any CPU.Build.0 = Release|Any CPU
		{7E96C6E2-9F61-483D-BC22-C45FEE080E6C}.Debug|Any CPU.ActiveCfg = Debug|Any CPU
		{7E96C6E2-9F61-483D-BC22-C45FEE080E6C}.Debug|Any CPU.Build.0 = Debug|Any CPU
		{7E96C6E2-9F61-483D-BC22-C45FEE080E6C}.Release|Any CPU.ActiveCfg = Release|Any CPU
		{7E96C6E2-9F61-483D-BC22-C45FEE080E6C}.Release|Any CPU.Build.0 = Release|Any CPU
	EndGlobalSection
	GlobalSection(SolutionProperties) = preSolution
		HideSolutionNode = FALSE
	EndGlobalSection
	GlobalSection(ExtensibilityGlobals) = postSolution
		SolutionGuid = {19E57355-B4C0-41AA-ADD7-3746D9991386}
	EndGlobalSection
EndGlobal
